SITE
  remote: http://community.opscode.com/api/v1
  specs:
    dmg (2.0.0)

GIT
  remote: git://github.com/mjording/sprout.git
  path: osx
  ref: mavericks
  sha: 21eb95b5583796c0cea178a0ce55bcb4507cf61b
  specs:
    osx (0.1.0)

GIT
  remote: git://github.com/mjording/sprout.git
  path: pivotal_workstation
  ref: mavericks
  sha: d029297b8dad60e27cd2ff23259a7a7d29cb1730
  specs:
    pivotal_workstation (1.0.0)
      dmg (>= 0.0.0)
      osx (>= 0.0.0)
      sprout-osx-apps (>= 0.0.0)
      sprout-osx-base (>= 0.0.0)
      sprout-osx-settings (>= 0.0.0)
      sprout-pivotal (>= 0.0.0)

GIT
  remote: git://github.com/mjording/sprout.git
  path: sprout-osx-apps
  ref: mavericks
  sha: d029297b8dad60e27cd2ff23259a7a7d29cb1730
  specs:
    sprout-osx-apps (0.1.0)
      dmg (>= 0.0.0)
      sprout-osx-base (>= 0.0.0)
      sprout-osx-settings (>= 0.0.0)

GIT
  remote: git://github.com/mjording/sprout.git
  path: sprout-osx-base
  ref: mavericks
  sha: d029297b8dad60e27cd2ff23259a7a7d29cb1730
  specs:
    sprout-osx-base (0.1.0)

GIT
  remote: git://github.com/mjording/sprout.git
  path: sprout-osx-settings
  ref: mavericks
  sha: 21eb95b5583796c0cea178a0ce55bcb4507cf61b
  specs:
    sprout-osx-settings (0.1.0)
      osx (>= 0.0.0)
      sprout-osx-base (>= 0.0.0)

GIT
  remote: git://github.com/mjording/sprout.git
  path: sprout-pivotal
  ref: mavericks
  sha: 21eb95b5583796c0cea178a0ce55bcb4507cf61b
  specs:
    sprout-pivotal (0.1.0)
      dmg (>= 0.0.0)
      sprout-osx-base (>= 0.0.0)

PATH
  remote: site-cookbooks/meta
  specs:
    meta (0.1.0)
      pivotal_workstation (>= 0.0.0)
      sprout-osx-apps (>= 0.0.0)
      sprout-osx-settings (>= 0.0.0)

DEPENDENCIES
  meta (>= 0)
  osx (>= 0)
  pivotal_workstation (>= 0)
  sprout-osx-apps (>= 0)
  sprout-osx-base (>= 0)
  sprout-osx-settings (>= 0)
  sprout-pivotal (>= 0)

